
Microsoft Visual Studio Solution File, Format Version 12.00
# Visual Studio Version 17
VisualStudioVersion = 17.5.33516.290
MinimumVisualStudioVersion = 10.0.40219.1
Project("{9A19103F-16F7-4668-BE54-9A1E7A4F7556}") = "Conversa", "Conversa\Conversa.csproj", "{9AE58BAB-CB9E-437F-A461-9C92F2EBD714}"
EndProject
Project("{FAE04EC0-301F-11D3-BF4B-00C04F79EFBC}") = "Conversa.API", "Conversa.API\Conversa.API.csproj", "{C63AB17B-A90A-4483-A09E-CCCB60D24164}"
EndProject
Project("{FAE04EC0-301F-11D3-BF4B-00C04F79EFBC}") = "Conversa.Domain", "Conversa.Domain\Conversa.Domain.csproj", "{5CF158B4-BA50-4963-B227-95055F04D26C}"
EndProject
Project("{FAE04EC0-301F-11D3-BF4B-00C04F79EFBC}") = "Conversa.Infrastructure", "Conversa.Infrastructure\Conversa.Infrastructure.csproj", "{707DF453-2684-42BD-943C-405D6C74DAD8}"
EndProject
Project("{FAE04EC0-301F-11D3-BF4B-00C04F79EFBC}") = "Conversa.Application", "Conversa.Application\Conversa.Application.csproj", "{D9E022EB-F2B2-4E42-9E0D-762328626378}"
EndProject
Global
	GlobalSection(SolutionConfigurationPlatforms) = preSolution
		Debug|Any CPU = Debug|Any CPU
		Release|Any CPU = Release|Any CPU
	EndGlobalSection
	GlobalSection(ProjectConfigurationPlatforms) = postSolution
		{9AE58BAB-CB9E-437F-A461-9C92F2EBD714}.Debug|Any CPU.ActiveCfg = Debug|Any CPU
		{9AE58BAB-CB9E-437F-A461-9C92F2EBD714}.Debug|Any CPU.Build.0 = Debug|Any CPU
		{9AE58BAB-CB9E-437F-A461-9C92F2EBD714}.Release|Any CPU.ActiveCfg = Release|Any CPU
		{9AE58BAB-CB9E-437F-A461-9C92F2EBD714}.Release|Any CPU.Build.0 = Release|Any CPU
		{C63AB17B-A90A-4483-A09E-CCCB60D24164}.Debug|Any CPU.ActiveCfg = Debug|Any CPU
		{C63AB17B-A90A-4483-A09E-CCCB60D24164}.Debug|Any CPU.Build.0 = Debug|Any CPU
		{C63AB17B-A90A-4483-A09E-CCCB60D24164}.Release|Any CPU.ActiveCfg = Release|Any CPU
		{C63AB17B-A90A-4483-A09E-CCCB60D24164}.Release|Any CPU.Build.0 = Release|Any CPU
		{5CF158B4-BA50-4963-B227-95055F04D26C}.Debug|Any CPU.ActiveCfg = Debug|Any CPU
		{5CF158B4-BA50-4963-B227-95055F04D26C}.Debug|Any CPU.Build.0 = Debug|Any CPU
		{5CF158B4-BA50-4963-B227-95055F04D26C}.Release|Any CPU.ActiveCfg = Release|Any CPU
		{5CF158B4-BA50-4963-B227-95055F04D26C}.Release|Any CPU.Build.0 = Release|Any CPU
		{707DF453-2684-42BD-943C-405D6C74DAD8}.Debug|Any CPU.ActiveCfg = Debug|Any CPU
		{707DF453-2684-42BD-943C-405D6C74DAD8}.Debug|Any CPU.Build.0 = Debug|Any CPU
		{707DF453-2684-42BD-943C-405D6C74DAD8}.Release|Any CPU.ActiveCfg = Release|Any CPU
		{707DF453-2684-42BD-943C-405D6C74DAD8}.Release|Any CPU.Build.0 = Release|Any CPU
		{D9E022EB-F2B2-4E42-9E0D-762328626378}.Debug|Any CPU.ActiveCfg = Debug|Any CPU
		{D9E022EB-F2B2-4E42-9E0D-762328626378}.Debug|Any CPU.Build.0 = Debug|Any CPU
		{D9E022EB-F2B2-4E42-9E0D-762328626378}.Release|Any CPU.ActiveCfg = Release|Any CPU
		{D9E022EB-F2B2-4E42-9E0D-762328626378}.Release|Any CPU.Build.0 = Release|Any CPU
	EndGlobalSection
	GlobalSection(SolutionProperties) = preSolution
		HideSolutionNode = FALSE
	EndGlobalSection
	GlobalSection(ExtensibilityGlobals) = postSolution
		SolutionGuid = {A7AED3A2-F5DD-4678-8F69-FFECE57DB54D}
	EndGlobalSection
EndGlobal
